// !$*UTF8*$!
{
	archiveVersion = 1;
	classes = {
	};
	objectVersion = 56;
	objects = {

/* Begin PBXBuildFile section */
		C68031D22A6E2AAB00FEF811 /* AppDelegate.swift in Sources */ = {isa = PBXBuildFile; fileRef = C68031D12A6E2AAB00FEF811 /* AppDelegate.swift */; };
		C68031D42A6E2AAB00FEF811 /* SceneDelegate.swift in Sources */ = {isa = PBXBuildFile; fileRef = C68031D32A6E2AAB00FEF811 /* SceneDelegate.swift */; };
		C68031D62A6E2AAB00FEF811 /* ViewController.swift in Sources */ = {isa = PBXBuildFile; fileRef = C68031D52A6E2AAB00FEF811 /* ViewController.swift */; };
		C68031D92A6E2AAB00FEF811 /* Main.storyboard in Resources */ = {isa = PBXBuildFile; fileRef = C68031D72A6E2AAB00FEF811 /* Main.storyboard */; };
		C68031DB2A6E2AAE00FEF811 /* Assets.xcassets in Resources */ = {isa = PBXBuildFile; fileRef = C68031DA2A6E2AAE00FEF811 /* Assets.xcassets */; };
		C68031DE2A6E2AAE00FEF811 /* LaunchScreen.storyboard in Resources */ = {isa = PBXBuildFile; fileRef = C68031DC2A6E2AAE00FEF811 /* LaunchScreen.storyboard */; };
		C68031E62A6E36C900FEF811 /* SecondViewController.swift in Sources */ = {isa = PBXBuildFile; fileRef = C68031E52A6E36C900FEF811 /* SecondViewController.swift */; };
		C68031E82A6E3C9B00FEF811 /* WebviewViewController.swift in Sources */ = {isa = PBXBuildFile; fileRef = C68031E72A6E3C9B00FEF811 /* WebviewViewController.swift */; };
		C68031EA2A6E4DC600FEF811 /* FirstTabController.swift in Sources */ = {isa = PBXBuildFile; fileRef = C68031E92A6E4DC600FEF811 /* FirstTabController.swift */; };
		C68031EC2A6E4EF100FEF811 /* AnimalCell.swift in Sources */ = {isa = PBXBuildFile; fileRef = C68031EB2A6E4EF100FEF811 /* AnimalCell.swift */; };
		C68031EE2A6E604A00FEF811 /* DetailController.swift in Sources */ = {isa = PBXBuildFile; fileRef = C68031ED2A6E604A00FEF811 /* DetailController.swift */; };
		C68031F02A6E64CE00FEF811 /* SecondTabController.swift in Sources */ = {isa = PBXBuildFile; fileRef = C68031EF2A6E64CE00FEF811 /* SecondTabController.swift */; };
		C68031F22A6E6ADC00FEF811 /* MovieCell.swift in Sources */ = {isa = PBXBuildFile; fileRef = C68031F12A6E6ADC00FEF811 /* MovieCell.swift */; };
/* End PBXBuildFile section */

/* Begin PBXFileReference section */
		C68031CE2A6E2AAB00FEF811 /* My First Project.app */ = {isa = PBXFileReference; explicitFileType = wrapper.application; includeInIndex = 0; path = "My First Project.app"; sourceTree = BUILT_PRODUCTS_DIR; };
		C68031D12A6E2AAB00FEF811 /* AppDelegate.swift */ = {isa = PBXFileReference; lastKnownFileType = sourcecode.swift; path = AppDelegate.swift; sourceTree = "<group>"; };
		C68031D32A6E2AAB00FEF811 /* SceneDelegate.swift */ = {isa = PBXFileReference; lastKnownFileType = sourcecode.swift; path = SceneDelegate.swift; sourceTree = "<group>"; };
		C68031D52A6E2AAB00FEF811 /* ViewController.swift */ = {isa = PBXFileReference; lastKnownFileType = sourcecode.swift; path = ViewController.swift; sourceTree = "<group>"; };
		C68031D82A6E2AAB00FEF811 /* Base */ = {isa = PBXFileReference; lastKnownFileType = file.storyboard; name = Base; path = Base.lproj/Main.storyboard; sourceTree = "<group>"; };
		C68031DA2A6E2AAE00FEF811 /* Assets.xcassets */ = {isa = PBXFileReference; lastKnownFileType = folder.assetcatalog; path = Assets.xcassets; sourceTree = "<group>"; };
		C68031DD2A6E2AAE00FEF811 /* Base */ = {isa = PBXFileReference; lastKnownFileType = file.storyboard; name = Base; path = Base.lproj/LaunchScreen.storyboard; sourceTree = "<group>"; };
		C68031DF2A6E2AAE00FEF811 /* Info.plist */ = {isa = PBXFileReference; lastKnownFileType = text.plist.xml; path = Info.plist; sourceTree = "<group>"; };
		C68031E52A6E36C900FEF811 /* SecondViewController.swift */ = {isa = PBXFileReference; lastKnownFileType = sourcecode.swift; path = SecondViewController.swift; sourceTree = "<group>"; };
		C68031E72A6E3C9B00FEF811 /* WebviewViewController.swift */ = {isa = PBXFileReference; lastKnownFileType = sourcecode.swift; path = WebviewViewController.swift; sourceTree = "<group>"; };
		C68031E92A6E4DC600FEF811 /* FirstTabController.swift */ = {isa = PBXFileReference; lastKnownFileType = sourcecode.swift; path = FirstTabController.swift; sourceTree = "<group>"; };
		C68031EB2A6E4EF100FEF811 /* AnimalCell.swift */ = {isa = PBXFileReference; lastKnownFileType = sourcecode.swift; path = AnimalCell.swift; sourceTree = "<group>"; };
		C68031ED2A6E604A00FEF811 /* DetailController.swift */ = {isa = PBXFileReference; lastKnownFileType = sourcecode.swift; path = DetailController.swift; sourceTree = "<group>"; };
		C68031EF2A6E64CE00FEF811 /* SecondTabController.swift */ = {isa = PBXFileReference; lastKnownFileType = sourcecode.swift; path = SecondTabController.swift; sourceTree = "<group>"; };
		C68031F12A6E6ADC00FEF811 /* MovieCell.swift */ = {isa = PBXFileReference; lastKnownFileType = sourcecode.swift; path = MovieCell.swift; sourceTree = "<group>"; };
/* End PBXFileReference section */

/* Begin PBXFrameworksBuildPhase section */
		C68031CB2A6E2AAB00FEF811 /* Frameworks */ = {
			isa = PBXFrameworksBuildPhase;
			buildActionMask = 2147483647;
			files = (
			);
			runOnlyForDeploymentPostprocessing = 0;
		};
/* End PBXFrameworksBuildPhase section */

/* Begin PBXGroup section */
		C68031C52A6E2AAB00FEF811 = {
			isa = PBXGroup;
			children = (
				C68031D02A6E2AAB00FEF811 /* My First Project */,
				C68031CF2A6E2AAB00FEF811 /* Products */,
			);
			sourceTree = "<group>";
		};
		C68031CF2A6E2AAB00FEF811 /* Products */ = {
			isa = PBXGroup;
			children = (
				C68031CE2A6E2AAB00FEF811 /* My First Project.app */,
			);
			name = Products;
			sourceTree = "<group>";
		};
		C68031D02A6E2AAB00FEF811 /* My First Project */ = {
			isa = PBXGroup;
			children = (
				C68031D12A6E2AAB00FEF811 /* AppDelegate.swift */,
				C68031D32A6E2AAB00FEF811 /* SceneDelegate.swift */,
				C68031D52A6E2AAB00FEF811 /* ViewController.swift */,
				C68031D72A6E2AAB00FEF811 /* Main.storyboard */,
				C68031DA2A6E2AAE00FEF811 /* Assets.xcassets */,
				C68031DC2A6E2AAE00FEF811 /* LaunchScreen.storyboard */,
				C68031DF2A6E2AAE00FEF811 /* Info.plist */,
				C68031E52A6E36C900FEF811 /* SecondViewController.swift */,
				C68031E72A6E3C9B00FEF811 /* WebviewViewController.swift */,
				C68031E92A6E4DC600FEF811 /* FirstTabController.swift */,
				C68031EB2A6E4EF100FEF811 /* AnimalCell.swift */,
				C68031ED2A6E604A00FEF811 /* DetailController.swift */,
				C68031EF2A6E64CE00FEF811 /* SecondTabController.swift */,
				C68031F12A6E6ADC00FEF811 /* MovieCell.swift */,
			);
			path = "My First Project";
			sourceTree = "<group>";
		};
/* End PBXGroup section */

/* Begin PBXNativeTarget section */
		C68031CD2A6E2AAB00FEF811 /* My First Project */ = {
			isa = PBXNativeTarget;
			buildConfigurationList = C68031E22A6E2AAE00FEF811 /* Build configuration list for PBXNativeTarget "My First Project" */;
			buildPhases = (
				C68031CA2A6E2AAB00FEF811 /* Sources */,
				C68031CB2A6E2AAB00FEF811 /* Frameworks */,
				C68031CC2A6E2AAB00FEF811 /* Resources */,
			);
			buildRules = (
			);
			dependencies = (
			);
			name = "My First Project";
			productName = "My First Project";
			productReference = C68031CE2A6E2AAB00FEF811 /* My First Project.app */;
			productType = "com.apple.product-type.application";
		};
/* End PBXNativeTarget section */

/* Begin PBXProject section */
		C68031C62A6E2AAB00FEF811 /* Project object */ = {
			isa = PBXProject;
			attributes = {
				BuildIndependentTargetsInParallel = 1;
				LastSwiftUpdateCheck = 1430;
				LastUpgradeCheck = 1430;
				TargetAttributes = {
					C68031CD2A6E2AAB00FEF811 = {
						CreatedOnToolsVersion = 14.3;
					};
				};
			};
			buildConfigurationList = C68031C92A6E2AAB00FEF811 /* Build configuration list for PBXProject "My First Project" */;
			compatibilityVersion = "Xcode 14.0";
			developmentRegion = en;
			hasScannedForEncodings = 0;
			knownRegions = (
				en,
				Base,
			);
			mainGroup = C68031C52A6E2AAB00FEF811;
			productRefGroup = C68031CF2A6E2AAB00FEF811 /* Products */;
			projectDirPath = "";
			projectRoot = "";
			targets = (
				C68031CD2A6E2AAB00FEF811 /* My First Project */,
			);
		};
/* End PBXProject section */

/* Begin PBXResourcesBuildPhase section */
		C68031CC2A6E2AAB00FEF811 /* Resources */ = {
			isa = PBXResourcesBuildPhase;
			buildActionMask = 2147483647;
			files = (
				C68031DE2A6E2AAE00FEF811 /* LaunchScreen.storyboard in Resources */,
				C68031DB2A6E2AAE00FEF811 /* Assets.xcassets in Resources */,
				C68031D92A6E2AAB00FEF811 /* Main.storyboard in Resources */,
			);
			runOnlyForDeploymentPostprocessing = 0;
		};
/* End PBXResourcesBuildPhase section */

/* Begin PBXSourcesBuildPhase section */
		C68031CA2A6E2AAB00FEF811 /* Sources */ = {
			isa = PBXSourcesBuildPhase;
			buildActionMask = 2147483647;
			files = (
				C68031EE2A6E604A00FEF811 /* DetailController.swift in Sources */,
				C68031F02A6E64CE00FEF811 /* SecondTabController.swift in Sources */,
				C68031E62A6E36C900FEF811 /* SecondViewController.swift in Sources */,
				C68031E82A6E3C9B00FEF811 /* WebviewViewController.swift in Sources */,
				C68031EA2A6E4DC600FEF811 /* FirstTabController.swift in Sources */,
				C68031D62A6E2AAB00FEF811 /* ViewController.swift in Sources */,
				C68031D22A6E2AAB00FEF811 /* AppDelegate.swift in Sources */,
				C68031D42A6E2AAB00FEF811 /* SceneDelegate.swift in Sources */,
				C68031F22A6E6ADC00FEF811 /* MovieCell.swift in Sources */,
				C68031EC2A6E4EF100FEF811 /* AnimalCell.swift in Sources */,
			);
			runOnlyForDeploymentPostprocessing = 0;
		};
/* End PBXSourcesBuildPhase section */

/* Begin PBXVariantGroup section */
		C68031D72A6E2AAB00FEF811 /* Main.storyboard */ = {
			isa = PBXVariantGroup;
			children = (
				C68031D82A6E2AAB00FEF811 /* Base */,
			);
			name = Main.storyboard;
			sourceTree = "<group>";
		};
		C68031DC2A6E2AAE00FEF811 /* LaunchScreen.storyboard */ = {
			isa = PBXVariantGroup;
			children = (
				C68031DD2A6E2AAE00FEF811 /* Base */,
			);
			name = LaunchScreen.storyboard;
			sourceTree = "<group>";
		};
/* End PBXVariantGroup section */

/* Begin XCBuildConfiguration section */
		C68031E02A6E2AAE00FEF811 /* Debug */ = {
			isa = XCBuildConfiguration;
			buildSettings = {
				ALWAYS_SEARCH_USER_PATHS = NO;
				CLANG_ANALYZER_NONNULL = YES;
				CLANG_ANALYZER_NUMBER_OBJECT_CONVERSION = YES_AGGRESSIVE;
				CLANG_CXX_LANGUAGE_STANDARD = "gnu++20";
				CLANG_ENABLE_MODULES = YES;
				CLANG_ENABLE_OBJC_ARC = YES;
				CLANG_ENABLE_OBJC_WEAK = YES;
				CLANG_WARN_BLOCK_CAPTURE_AUTORELEASING = YES;
				CLANG_WARN_BOOL_CONVERSION = YES;
				CLANG_WARN_COMMA = YES;
				CLANG_WARN_CONSTANT_CONVERSION = YES;
				CLANG_WARN_DEPRECATED_OBJC_IMPLEMENTATIONS = YES;
				CLANG_WARN_DIRECT_OBJC_ISA_USAGE = YES_ERROR;
				CLANG_WARN_DOCUMENTATION_COMMENTS = YES;
				CLANG_WARN_EMPTY_BODY = YES;
				CLANG_WARN_ENUM_CONVERSION = YES;
				CLANG_WARN_INFINITE_RECURSION = YES;
				CLANG_WARN_INT_CONVERSION = YES;
				CLANG_WARN_NON_LITERAL_NULL_CONVERSION = YES;
				CLANG_WARN_OBJC_IMPLICIT_RETAIN_SELF = YES;
				CLANG_WARN_OBJC_LITERAL_CONVERSION = YES;
				CLANG_WARN_OBJC_ROOT_CLASS = YES_ERROR;
				CLANG_WARN_QUOTED_INCLUDE_IN_FRAMEWORK_HEADER = YES;
				CLANG_WARN_RANGE_LOOP_ANALYSIS = YES;
				CLANG_WARN_STRICT_PROTOTYPES = YES;
				CLANG_WARN_SUSPICIOUS_MOVE = YES;
				CLANG_WARN_UNGUARDED_AVAILABILITY = YES_AGGRESSIVE;
				CLANG_WARN_UNREACHABLE_CODE = YES;
				CLANG_WARN__DUPLICATE_METHOD_MATCH = YES;
				COPY_PHASE_STRIP = NO;
				DEBUG_INFORMATION_FORMAT = dwarf;
				ENABLE_STRICT_OBJC_MSGSEND = YES;
				ENABLE_TESTABILITY = YES;
				GCC_C_LANGUAGE_STANDARD = gnu11;
				GCC_DYNAMIC_NO_PIC = NO;
				GCC_NO_COMMON_BLOCKS = YES;
				GCC_OPTIMIZATION_LEVEL = 0;
				GCC_PREPROCESSOR_DEFINITIONS = (
					"DEBUG=1",
					"$(inherited)",
				);
				GCC_WARN_64_TO_32_BIT_CONVERSION = YES;
				GCC_WARN_ABOUT_RETURN_TYPE = YES_ERROR;
				GCC_WARN_UNDECLARED_SELECTOR = YES;
				GCC_WARN_UNINITIALIZED_AUTOS = YES_AGGRESSIVE;
				GCC_WARN_UNUSED_FUNCTION = YES;
				GCC_WARN_UNUSED_VARIABLE = YES;
				IPHONEOS_DEPLOYMENT_TARGET = 16.4;
				MTL_ENABLE_DEBUG_INFO = INCLUDE_SOURCE;
				MTL_FAST_MATH = YES;
				ONLY_ACTIVE_ARCH = YES;
				SDKROOT = iphoneos;
				SWIFT_ACTIVE_COMPILATION_CONDITIONS = DEBUG;
				SWIFT_OPTIMIZATION_LEVEL = "-Onone";
			};
			name = Debug;
		};
		C68031E12A6E2AAE00FEF811 /* Release */ = {
			isa = XCBuildConfiguration;
			buildSettings = {
				ALWAYS_SEARCH_USER_PATHS = NO;
				CLANG_ANALYZER_NONNULL = YES;
				CLANG_ANALYZER_NUMBER_OBJECT_CONVERSION = YES_AGGRESSIVE;
				CLANG_CXX_LANGUAGE_STANDARD = "gnu++20";
				CLANG_ENABLE_MODULES = YES;
				CLANG_ENABLE_OBJC_ARC = YES;
				CLANG_ENABLE_OBJC_WEAK = YES;
				CLANG_WARN_BLOCK_CAPTURE_AUTORELEASING = YES;
				CLANG_WARN_BOOL_CONVERSION = YES;
				CLANG_WARN_COMMA = YES;
				CLANG_WARN_CONSTANT_CONVERSION = YES;
				CLANG_WARN_DEPRECATED_OBJC_IMPLEMENTATIONS = YES;
				CLANG_WARN_DIRECT_OBJC_ISA_USAGE = YES_ERROR;
				CLANG_WARN_DOCUMENTATION_COMMENTS = YES;
				CLANG_WARN_EMPTY_BODY = YES;
				CLANG_WARN_ENUM_CONVERSION = YES;
				CLANG_WARN_INFINITE_RECURSION = YES;
				CLANG_WARN_INT_CONVERSION = YES;
				CLANG_WARN_NON_LITERAL_NULL_CONVERSION = YES;
				CLANG_WARN_OBJC_IMPLICIT_RETAIN_SELF = YES;
				CLANG_WARN_OBJC_LITERAL_CONVERSION = YES;
				CLANG_WARN_OBJC_ROOT_CLASS = YES_ERROR;
				CLANG_WARN_QUOTED_INCLUDE_IN_FRAMEWORK_HEADER = YES;
				CLANG_WARN_RANGE_LOOP_ANALYSIS = YES;
				CLANG_WARN_STRICT_PROTOTYPES = YES;
				CLANG_WARN_SUSPICIOUS_MOVE = YES;
				CLANG_WARN_UNGUARDED_AVAILABILITY = YES_AGGRESSIVE;
				CLANG_WARN_UNREACHABLE_CODE = YES;
				CLANG_WARN__DUPLICATE_METHOD_MATCH = YES;
				COPY_PHASE_STRIP = NO;
				DEBUG_INFORMATION_FORMAT = "dwarf-with-dsym";
				ENABLE_NS_ASSERTIONS = NO;
				ENABLE_STRICT_OBJC_MSGSEND = YES;
				GCC_C_LANGUAGE_STANDARD = gnu11;
				GCC_NO_COMMON_BLOCKS = YES;
				GCC_WARN_64_TO_32_BIT_CONVERSION = YES;
				GCC_WARN_ABOUT_RETURN_TYPE = YES_ERROR;
				GCC_WARN_UNDECLARED_SELECTOR = YES;
				GCC_WARN_UNINITIALIZED_AUTOS = YES_AGGRESSIVE;
				GCC_WARN_UNUSED_FUNCTION = YES;
				GCC_WARN_UNUSED_VARIABLE = YES;
				IPHONEOS_DEPLOYMENT_TARGET = 16.4;
				MTL_ENABLE_DEBUG_INFO = NO;
				MTL_FAST_MATH = YES;
				SDKROOT = iphoneos;
				SWIFT_COMPILATION_MODE = wholemodule;
				SWIFT_OPTIMIZATION_LEVEL = "-O";
				VALIDATE_PRODUCT = YES;
			};
			name = Release;
		};
		C68031E32A6E2AAE00FEF811 /* Debug */ = {
			isa = XCBuildConfiguration;
			buildSettings = {
				ASSETCATALOG_COMPILER_APPICON_NAME = AppIcon;
				ASSETCATALOG_COMPILER_GLOBAL_ACCENT_COLOR_NAME = AccentColor;
				CODE_SIGN_STYLE = Automatic;
				CURRENT_PROJECT_VERSION = 1;
				DEVELOPMENT_TEAM = ZM36S9KP9U;
				GENERATE_INFOPLIST_FILE = YES;
				INFOPLIST_FILE = "My First Project/Info.plist";
				INFOPLIST_KEY_UIApplicationSupportsIndirectInputEvents = YES;
				INFOPLIST_KEY_UILaunchStoryboardName = LaunchScreen;
				INFOPLIST_KEY_UIMainStoryboardFile = Main;
				INFOPLIST_KEY_UISupportedInterfaceOrientations_iPad = "UIInterfaceOrientationPortrait UIInterfaceOrientationPortraitUpsideDown UIInterfaceOrientationLandscapeLeft UIInterfaceOrientationLandscapeRight";
				INFOPLIST_KEY_UISupportedInterfaceOrientations_iPhone = "UIInterfaceOrientationPortrait UIInterfaceOrientationLandscapeLeft UIInterfaceOrientationLandscapeRight";
				LD_RUNPATH_SEARCH_PATHS = (
					"$(inherited)",
					"@executable_path/Frameworks",
				);
				MARKETING_VERSION = 1.0;
				PRODUCT_BUNDLE_IDENTIFIER = "com.udacoding.My-First-Project";
				PRODUCT_NAME = "$(TARGET_NAME)";
				SWIFT_EMIT_LOC_STRINGS = YES;
				SWIFT_VERSION = 5.0;
				TARGETED_DEVICE_FAMILY = "1,2";
			};
			name = Debug;
		};
		C68031E42A6E2AAE00FEF811 /* Release */ = {
			isa = XCBuildConfiguration;
			buildSettings = {
				ASSETCATALOG_COMPILER_APPICON_NAME = AppIcon;
				ASSETCATALOG_COMPILER_GLOBAL_ACCENT_COLOR_NAME = AccentColor;
				CODE_SIGN_STYLE = Automatic;
				CURRENT_PROJECT_VERSION = 1;
				DEVELOPMENT_TEAM = ZM36S9KP9U;
				GENERATE_INFOPLIST_FILE = YES;
				INFOPLIST_FILE = "My First Project/Info.plist";
				INFOPLIST_KEY_UIApplicationSupportsIndirectInputEvents = YES;
				INFOPLIST_KEY_UILaunchStoryboardName = LaunchScreen;
				INFOPLIST_KEY_UIMainStoryboardFile = Main;
				INFOPLIST_KEY_UISupportedInterfaceOrientations_iPad = "UIInterfaceOrientationPortrait UIInterfaceOrientationPortraitUpsideDown UIInterfaceOrientationLandscapeLeft UIInterfaceOrientationLandscapeRight";
				INFOPLIST_KEY_UISupportedInterfaceOrientations_iPhone = "UIInterfaceOrientationPortrait UIInterfaceOrientationLandscapeLeft UIInterfaceOrientationLandscapeRight";
				LD_RUNPATH_SEARCH_PATHS = (
					"$(inherited)",
					"@executable_path/Frameworks",
				);
				MARKETING_VERSION = 1.0;
				PRODUCT_BUNDLE_IDENTIFIER = "com.udacoding.My-First-Project";
				PRODUCT_NAME = "$(TARGET_NAME)";
				SWIFT_EMIT_LOC_STRINGS = YES;
				SWIFT_VERSION = 5.0;
				TARGETED_DEVICE_FAMILY = "1,2";
			};
			name = Release;
		};
/* End XCBuildConfiguration section */

/* Begin XCConfigurationList section */
		C68031C92A6E2AAB00FEF811 /* Build configuration list for PBXProject "My First Project" */ = {
			isa = XCConfigurationList;
			buildConfigurations = (
				C68031E02A6E2AAE00FEF811 /* Debug */,
				C68031E12A6E2AAE00FEF811 /* Release */,
			);
			defaultConfigurationIsVisible = 0;
			defaultConfigurationName = Release;
		};
		C68031E22A6E2AAE00FEF811 /* Build configuration list for PBXNativeTarget "My First Project" */ = {
			isa = XCConfigurationList;
			buildConfigurations = (
				C68031E32A6E2AAE00FEF811 /* Debug */,
				C68031E42A6E2AAE00FEF811 /* Release */,
			);
			defaultConfigurationIsVisible = 0;
			defaultConfigurationName = Release;
		};
/* End XCConfigurationList section */
	};
	rootObject = C68031C62A6E2AAB00FEF811 /* Project object */;
}
