// !$*UTF8*$!
{
	archiveVersion = 1;
	classes = {
	};
	objectVersion = 56;
	objects = {

/* Begin PBXBuildFile section */
		53AC7183FE5A75BBF7C55006 /* Pods_My_First_Project.framework in Frameworks */ = {isa = PBXBuildFile; fileRef = D3AE8F7CCA5EB75BC7845EC1 /* Pods_My_First_Project.framework */; };
		C68031D22A6E2AAB00FEF811 /* AppDelegate.swift in Sources */ = {isa = PBXBuildFile; fileRef = C68031D12A6E2AAB00FEF811 /* AppDelegate.swift */; };
		C68031D42A6E2AAB00FEF811 /* SceneDelegate.swift in Sources */ = {isa = PBXBuildFile; fileRef = C68031D32A6E2AAB00FEF811 /* SceneDelegate.swift */; };
		C68031D62A6E2AAB00FEF811 /* ViewController.swift in Sources */ = {isa = PBXBuildFile; fileRef = C68031D52A6E2AAB00FEF811 /* ViewController.swift */; };
		C68031D92A6E2AAB00FEF811 /* Main.storyboard in Resources */ = {isa = PBXBuildFile; fileRef = C68031D72A6E2AAB00FEF811 /* Main.storyboard */; };
		C68031DB2A6E2AAE00FEF811 /* Assets.xcassets in Resources */ = {isa = PBXBuildFile; fileRef = C68031DA2A6E2AAE00FEF811 /* Assets.xcassets */; };
		C68031DE2A6E2AAE00FEF811 /* LaunchScreen.storyboard in Resources */ = {isa = PBXBuildFile; fileRef = C68031DC2A6E2AAE00FEF811 /* LaunchScreen.storyboard */; };
		C68031E62A6E36C900FEF811 /* SecondViewController.swift in Sources */ = {isa = PBXBuildFile; fileRef = C68031E52A6E36C900FEF811 /* SecondViewController.swift */; };
		C68031E82A6E3C9B00FEF811 /* WebviewViewController.swift in Sources */ = {isa = PBXBuildFile; fileRef = C68031E72A6E3C9B00FEF811 /* WebviewViewController.swift */; };
		C68031EA2A6E4DC600FEF811 /* FirstTabController.swift in Sources */ = {isa = PBXBuildFile; fileRef = C68031E92A6E4DC600FEF811 /* FirstTabController.swift */; };
		C68031EC2A6E4EF100FEF811 /* AnimalCell.swift in Sources */ = {isa = PBXBuildFile; fileRef = C68031EB2A6E4EF100FEF811 /* AnimalCell.swift */; };
		C68031EE2A6E604A00FEF811 /* DetailController.swift in Sources */ = {isa = PBXBuildFile; fileRef = C68031ED2A6E604A00FEF811 /* DetailController.swift */; };
		C68031F02A6E64CE00FEF811 /* SecondTabController.swift in Sources */ = {isa = PBXBuildFile; fileRef = C68031EF2A6E64CE00FEF811 /* SecondTabController.swift */; };
		C68031F22A6E6ADC00FEF811 /* MovieCell.swift in Sources */ = {isa = PBXBuildFile; fileRef = C68031F12A6E6ADC00FEF811 /* MovieCell.swift */; };
		C68031F62A6F6DAC00FEF811 /* PortalBeritaController.swift in Sources */ = {isa = PBXBuildFile; fileRef = C68031F52A6F6DAC00FEF811 /* PortalBeritaController.swift */; };
		C68031F82A6F6F6400FEF811 /* BeritaCell.swift in Sources */ = {isa = PBXBuildFile; fileRef = C68031F72A6F6F6400FEF811 /* BeritaCell.swift */; };
		C68031FA2A6F711E00FEF811 /* Api.swift in Sources */ = {isa = PBXBuildFile; fileRef = C68031F92A6F711E00FEF811 /* Api.swift */; };
		C68031FC2A6F9FC500FEF811 /* TambahBeritaController.swift in Sources */ = {isa = PBXBuildFile; fileRef = C68031FB2A6F9FC500FEF811 /* TambahBeritaController.swift */; };
		C6D8F7B22A6FCEA300B7514D /* DetailBeritaController.swift in Sources */ = {isa = PBXBuildFile; fileRef = C6D8F7B12A6FCEA300B7514D /* DetailBeritaController.swift */; };
		C6D8F7B72A70C47700B7514D /* RegisterController.swift in Sources */ = {isa = PBXBuildFile; fileRef = C6D8F7B62A70C47700B7514D /* RegisterController.swift */; };
		C6D8F7B92A70C4B900B7514D /* LoginController.swift in Sources */ = {isa = PBXBuildFile; fileRef = C6D8F7B82A70C4B900B7514D /* LoginController.swift */; };
		C6D8F7BB2A70D24800B7514D /* SplashScreenController.swift in Sources */ = {isa = PBXBuildFile; fileRef = C6D8F7BA2A70D24800B7514D /* SplashScreenController.swift */; };
		C6D8F7BD2A70D8ED00B7514D /* EditBeritaController.swift in Sources */ = {isa = PBXBuildFile; fileRef = C6D8F7BC2A70D8ED00B7514D /* EditBeritaController.swift */; };
/* End PBXBuildFile section */

/* Begin PBXFileReference section */
		71D3B0E741F6985F33EA61E5 /* Pods-My First Project.debug.xcconfig */ = {isa = PBXFileReference; includeInIndex = 1; lastKnownFileType = text.xcconfig; name = "Pods-My First Project.debug.xcconfig"; path = "Target Support Files/Pods-My First Project/Pods-My First Project.debug.xcconfig"; sourceTree = "<group>"; };
		BF614EEF1CFA0F47757B11EC /* Pods-My First Project.release.xcconfig */ = {isa = PBXFileReference; includeInIndex = 1; lastKnownFileType = text.xcconfig; name = "Pods-My First Project.release.xcconfig"; path = "Target Support Files/Pods-My First Project/Pods-My First Project.release.xcconfig"; sourceTree = "<group>"; };
		C68031CE2A6E2AAB00FEF811 /* My First Project.app */ = {isa = PBXFileReference; explicitFileType = wrapper.application; includeInIndex = 0; path = "My First Project.app"; sourceTree = BUILT_PRODUCTS_DIR; };
		C68031D12A6E2AAB00FEF811 /* AppDelegate.swift */ = {isa = PBXFileReference; lastKnownFileType = sourcecode.swift; path = AppDelegate.swift; sourceTree = "<group>"; };
		C68031D32A6E2AAB00FEF811 /* SceneDelegate.swift */ = {isa = PBXFileReference; lastKnownFileType = sourcecode.swift; path = SceneDelegate.swift; sourceTree = "<group>"; };
		C68031D52A6E2AAB00FEF811 /* ViewController.swift */ = {isa = PBXFileReference; lastKnownFileType = sourcecode.swift; path = ViewController.swift; sourceTree = "<group>"; };
		C68031D82A6E2AAB00FEF811 /* Base */ = {isa = PBXFileReference; lastKnownFileType = file.storyboard; name = Base; path = Base.lproj/Main.storyboard; sourceTree = "<group>"; };
		C68031DA2A6E2AAE00FEF811 /* Assets.xcassets */ = {isa = PBXFileReference; lastKnownFileType = folder.assetcatalog; path = Assets.xcassets; sourceTree = "<group>"; };
		C68031DD2A6E2AAE00FEF811 /* Base */ = {isa = PBXFileReference; lastKnownFileType = file.storyboard; name = Base; path = Base.lproj/LaunchScreen.storyboard; sourceTree = "<group>"; };
		C68031DF2A6E2AAE00FEF811 /* Info.plist */ = {isa = PBXFileReference; lastKnownFileType = text.plist.xml; path = Info.plist; sourceTree = "<group>"; };
		C68031E52A6E36C900FEF811 /* SecondViewController.swift */ = {isa = PBXFileReference; lastKnownFileType = sourcecode.swift; path = SecondViewController.swift; sourceTree = "<group>"; };
		C68031E72A6E3C9B00FEF811 /* WebviewViewController.swift */ = {isa = PBXFileReference; lastKnownFileType = sourcecode.swift; path = WebviewViewController.swift; sourceTree = "<group>"; };
		C68031E92A6E4DC600FEF811 /* FirstTabController.swift */ = {isa = PBXFileReference; lastKnownFileType = sourcecode.swift; path = FirstTabController.swift; sourceTree = "<group>"; };
		C68031EB2A6E4EF100FEF811 /* AnimalCell.swift */ = {isa = PBXFileReference; lastKnownFileType = sourcecode.swift; path = AnimalCell.swift; sourceTree = "<group>"; };
		C68031ED2A6E604A00FEF811 /* DetailController.swift */ = {isa = PBXFileReference; lastKnownFileType = sourcecode.swift; path = DetailController.swift; sourceTree = "<group>"; };
		C68031EF2A6E64CE00FEF811 /* SecondTabController.swift */ = {isa = PBXFileReference; lastKnownFileType = sourcecode.swift; path = SecondTabController.swift; sourceTree = "<group>"; };
		C68031F12A6E6ADC00FEF811 /* MovieCell.swift */ = {isa = PBXFileReference; lastKnownFileType = sourcecode.swift; path = MovieCell.swift; sourceTree = "<group>"; };
		C68031F52A6F6DAC00FEF811 /* PortalBeritaController.swift */ = {isa = PBXFileReference; lastKnownFileType = sourcecode.swift; path = PortalBeritaController.swift; sourceTree = "<group>"; };
		C68031F72A6F6F6400FEF811 /* BeritaCell.swift */ = {isa = PBXFileReference; lastKnownFileType = sourcecode.swift; path = BeritaCell.swift; sourceTree = "<group>"; };
		C68031F92A6F711E00FEF811 /* Api.swift */ = {isa = PBXFileReference; lastKnownFileType = sourcecode.swift; path = Api.swift; sourceTree = "<group>"; };
		C68031FB2A6F9FC500FEF811 /* TambahBeritaController.swift */ = {isa = PBXFileReference; lastKnownFileType = sourcecode.swift; path = TambahBeritaController.swift; sourceTree = "<group>"; };
		C6D8F7B12A6FCEA300B7514D /* DetailBeritaController.swift */ = {isa = PBXFileReference; lastKnownFileType = sourcecode.swift; path = DetailBeritaController.swift; sourceTree = "<group>"; };
		C6D8F7B62A70C47700B7514D /* RegisterController.swift */ = {isa = PBXFileReference; lastKnownFileType = sourcecode.swift; path = RegisterController.swift; sourceTree = "<group>"; };
		C6D8F7B82A70C4B900B7514D /* LoginController.swift */ = {isa = PBXFileReference; lastKnownFileType = sourcecode.swift; path = LoginController.swift; sourceTree = "<group>"; };
		C6D8F7BA2A70D24800B7514D /* SplashScreenController.swift */ = {isa = PBXFileReference; lastKnownFileType = sourcecode.swift; path = SplashScreenController.swift; sourceTree = "<group>"; };
		C6D8F7BC2A70D8ED00B7514D /* EditBeritaController.swift */ = {isa = PBXFileReference; lastKnownFileType = sourcecode.swift; path = EditBeritaController.swift; sourceTree = "<group>"; };
		D3AE8F7CCA5EB75BC7845EC1 /* Pods_My_First_Project.framework */ = {isa = PBXFileReference; explicitFileType = wrapper.framework; includeInIndex = 0; path = Pods_My_First_Project.framework; sourceTree = BUILT_PRODUCTS_DIR; };
/* End PBXFileReference section */

/* Begin PBXFrameworksBuildPhase section */
		C68031CB2A6E2AAB00FEF811 /* Frameworks */ = {
			isa = PBXFrameworksBuildPhase;
			buildActionMask = 2147483647;
			files = (
				53AC7183FE5A75BBF7C55006 /* Pods_My_First_Project.framework in Frameworks */,
			);
			runOnlyForDeploymentPostprocessing = 0;
		};
/* End PBXFrameworksBuildPhase section */

/* Begin PBXGroup section */
		345201C3B31A18F92FFD4780 /* Frameworks */ = {
			isa = PBXGroup;
			children = (
				D3AE8F7CCA5EB75BC7845EC1 /* Pods_My_First_Project.framework */,
			);
			name = Frameworks;
			sourceTree = "<group>";
		};
		C68031C52A6E2AAB00FEF811 = {
			isa = PBXGroup;
			children = (
				C68031D02A6E2AAB00FEF811 /* My First Project */,
				C68031CF2A6E2AAB00FEF811 /* Products */,
				E0D1AD2E6909DCE00F8F7A91 /* Pods */,
				345201C3B31A18F92FFD4780 /* Frameworks */,
			);
			sourceTree = "<group>";
		};
		C68031CF2A6E2AAB00FEF811 /* Products */ = {
			isa = PBXGroup;
			children = (
				C68031CE2A6E2AAB00FEF811 /* My First Project.app */,
			);
			name = Products;
			sourceTree = "<group>";
		};
		C68031D02A6E2AAB00FEF811 /* My First Project */ = {
			isa = PBXGroup;
			children = (
				C6D8F7B52A70C45A00B7514D /* Auth */,
				C68031D12A6E2AAB00FEF811 /* AppDelegate.swift */,
				C68031D32A6E2AAB00FEF811 /* SceneDelegate.swift */,
				C68031D52A6E2AAB00FEF811 /* ViewController.swift */,
				C68031D72A6E2AAB00FEF811 /* Main.storyboard */,
				C68031DA2A6E2AAE00FEF811 /* Assets.xcassets */,
				C68031DC2A6E2AAE00FEF811 /* LaunchScreen.storyboard */,
				C68031DF2A6E2AAE00FEF811 /* Info.plist */,
				C68031E52A6E36C900FEF811 /* SecondViewController.swift */,
				C68031E72A6E3C9B00FEF811 /* WebviewViewController.swift */,
				C68031E92A6E4DC600FEF811 /* FirstTabController.swift */,
				C68031EB2A6E4EF100FEF811 /* AnimalCell.swift */,
				C68031ED2A6E604A00FEF811 /* DetailController.swift */,
				C68031EF2A6E64CE00FEF811 /* SecondTabController.swift */,
				C68031F12A6E6ADC00FEF811 /* MovieCell.swift */,
				C68031F52A6F6DAC00FEF811 /* PortalBeritaController.swift */,
				C68031F72A6F6F6400FEF811 /* BeritaCell.swift */,
				C68031F92A6F711E00FEF811 /* Api.swift */,
				C68031FB2A6F9FC500FEF811 /* TambahBeritaController.swift */,
				C6D8F7B12A6FCEA300B7514D /* DetailBeritaController.swift */,
				C6D8F7BA2A70D24800B7514D /* SplashScreenController.swift */,
				C6D8F7BC2A70D8ED00B7514D /* EditBeritaController.swift */,
			);
			path = "My First Project";
			sourceTree = "<group>";
		};
		C6D8F7B52A70C45A00B7514D /* Auth */ = {
			isa = PBXGroup;
			children = (
				C6D8F7B62A70C47700B7514D /* RegisterController.swift */,
				C6D8F7B82A70C4B900B7514D /* LoginController.swift */,
			);
			path = Auth;
			sourceTree = "<group>";
		};
		E0D1AD2E6909DCE00F8F7A91 /* Pods */ = {
			isa = PBXGroup;
			children = (
				71D3B0E741F6985F33EA61E5 /* Pods-My First Project.debug.xcconfig */,
				BF614EEF1CFA0F47757B11EC /* Pods-My First Project.release.xcconfig */,
			);
			path = Pods;
			sourceTree = "<group>";
		};
/* End PBXGroup section */

/* Begin PBXNativeTarget section */
		C68031CD2A6E2AAB00FEF811 /* My First Project */ = {
			isa = PBXNativeTarget;
			buildConfigurationList = C68031E22A6E2AAE00FEF811 /* Build configuration list for PBXNativeTarget "My First Project" */;
			buildPhases = (
				6F536C405BF1BF1328C52106 /* [CP] Check Pods Manifest.lock */,
				C68031CA2A6E2AAB00FEF811 /* Sources */,
				C68031CB2A6E2AAB00FEF811 /* Frameworks */,
				C68031CC2A6E2AAB00FEF811 /* Resources */,
				EACDFF3A43FD2CEE2352D486 /* [CP] Embed Pods Frameworks */,
			);
			buildRules = (
			);
			dependencies = (
			);
			name = "My First Project";
			productName = "My First Project";
			productReference = C68031CE2A6E2AAB00FEF811 /* My First Project.app */;
			productType = "com.apple.product-type.application";
		};
/* End PBXNativeTarget section */

/* Begin PBXProject section */
		C68031C62A6E2AAB00FEF811 /* Project object */ = {
			isa = PBXProject;
			attributes = {
				BuildIndependentTargetsInParallel = 1;
				LastSwiftUpdateCheck = 1430;
				LastUpgradeCheck = 1430;
				TargetAttributes = {
					C68031CD2A6E2AAB00FEF811 = {
						CreatedOnToolsVersion = 14.3;
					};
				};
			};
			buildConfigurationList = C68031C92A6E2AAB00FEF811 /* Build configuration list for PBXProject "My First Project" */;
			compatibilityVersion = "Xcode 14.0";
			developmentRegion = en;
			hasScannedForEncodings = 0;
			knownRegions = (
				en,
				Base,
			);
			mainGroup = C68031C52A6E2AAB00FEF811;
			productRefGroup = C68031CF2A6E2AAB00FEF811 /* Products */;
			projectDirPath = "";
			projectRoot = "";
			targets = (
				C68031CD2A6E2AAB00FEF811 /* My First Project */,
			);
		};
/* End PBXProject section */

/* Begin PBXResourcesBuildPhase section */
		C68031CC2A6E2AAB00FEF811 /* Resources */ = {
			isa = PBXResourcesBuildPhase;
			buildActionMask = 2147483647;
			files = (
				C68031DE2A6E2AAE00FEF811 /* LaunchScreen.storyboard in Resources */,
				C68031DB2A6E2AAE00FEF811 /* Assets.xcassets in Resources */,
				C68031D92A6E2AAB00FEF811 /* Main.storyboard in Resources */,
			);
			runOnlyForDeploymentPostprocessing = 0;
		};
/* End PBXResourcesBuildPhase section */

/* Begin PBXShellScriptBuildPhase section */
		6F536C405BF1BF1328C52106 /* [CP] Check Pods Manifest.lock */ = {
			isa = PBXShellScriptBuildPhase;
			buildActionMask = 2147483647;
			files = (
			);
			inputFileListPaths = (
			);
			inputPaths = (
				"${PODS_PODFILE_DIR_PATH}/Podfile.lock",
				"${PODS_ROOT}/Manifest.lock",
			);
			name = "[CP] Check Pods Manifest.lock";
			outputFileListPaths = (
			);
			outputPaths = (
				"$(DERIVED_FILE_DIR)/Pods-My First Project-checkManifestLockResult.txt",
			);
			runOnlyForDeploymentPostprocessing = 0;
			shellPath = /bin/sh;
			shellScript = "diff \"${PODS_PODFILE_DIR_PATH}/Podfile.lock\" \"${PODS_ROOT}/Manifest.lock\" > /dev/null\nif [ $? != 0 ] ; then\n    # print error to STDERR\n    echo \"error: The sandbox is not in sync with the Podfile.lock. Run 'pod install' or update your CocoaPods installation.\" >&2\n    exit 1\nfi\n# This output is used by Xcode 'outputs' to avoid re-running this script phase.\necho \"SUCCESS\" > \"${SCRIPT_OUTPUT_FILE_0}\"\n";
			showEnvVarsInLog = 0;
		};
		EACDFF3A43FD2CEE2352D486 /* [CP] Embed Pods Frameworks */ = {
			isa = PBXShellScriptBuildPhase;
			buildActionMask = 2147483647;
			files = (
			);
			inputFileListPaths = (
				"${PODS_ROOT}/Target Support Files/Pods-My First Project/Pods-My First Project-frameworks-${CONFIGURATION}-input-files.xcfilelist",
			);
			name = "[CP] Embed Pods Frameworks";
			outputFileListPaths = (
				"${PODS_ROOT}/Target Support Files/Pods-My First Project/Pods-My First Project-frameworks-${CONFIGURATION}-output-files.xcfilelist",
			);
			runOnlyForDeploymentPostprocessing = 0;
			shellPath = /bin/sh;
			shellScript = "\"${PODS_ROOT}/Target Support Files/Pods-My First Project/Pods-My First Project-frameworks.sh\"\n";
			showEnvVarsInLog = 0;
		};
/* End PBXShellScriptBuildPhase section */

/* Begin PBXSourcesBuildPhase section */
		C68031CA2A6E2AAB00FEF811 /* Sources */ = {
			isa = PBXSourcesBuildPhase;
			buildActionMask = 2147483647;
			files = (
				C68031EE2A6E604A00FEF811 /* DetailController.swift in Sources */,
				C68031F02A6E64CE00FEF811 /* SecondTabController.swift in Sources */,
				C68031F82A6F6F6400FEF811 /* BeritaCell.swift in Sources */,
				C6D8F7BD2A70D8ED00B7514D /* EditBeritaController.swift in Sources */,
				C68031E62A6E36C900FEF811 /* SecondViewController.swift in Sources */,
				C68031E82A6E3C9B00FEF811 /* WebviewViewController.swift in Sources */,
				C68031FC2A6F9FC500FEF811 /* TambahBeritaController.swift in Sources */,
				C68031F62A6F6DAC00FEF811 /* PortalBeritaController.swift in Sources */,
				C6D8F7B22A6FCEA300B7514D /* DetailBeritaController.swift in Sources */,
				C68031FA2A6F711E00FEF811 /* Api.swift in Sources */,
				C68031EA2A6E4DC600FEF811 /* FirstTabController.swift in Sources */,
				C68031D62A6E2AAB00FEF811 /* ViewController.swift in Sources */,
				C6D8F7B92A70C4B900B7514D /* LoginController.swift in Sources */,
				C6D8F7BB2A70D24800B7514D /* SplashScreenController.swift in Sources */,
				C68031D22A6E2AAB00FEF811 /* AppDelegate.swift in Sources */,
				C6D8F7B72A70C47700B7514D /* RegisterController.swift in Sources */,
				C68031D42A6E2AAB00FEF811 /* SceneDelegate.swift in Sources */,
				C68031F22A6E6ADC00FEF811 /* MovieCell.swift in Sources */,
				C68031EC2A6E4EF100FEF811 /* AnimalCell.swift in Sources */,
			);
			runOnlyForDeploymentPostprocessing = 0;
		};
/* End PBXSourcesBuildPhase section */

/* Begin PBXVariantGroup section */
		C68031D72A6E2AAB00FEF811 /* Main.storyboard */ = {
			isa = PBXVariantGroup;
			children = (
				C68031D82A6E2AAB00FEF811 /* Base */,
			);
			name = Main.storyboard;
			sourceTree = "<group>";
		};
		C68031DC2A6E2AAE00FEF811 /* LaunchScreen.storyboard */ = {
			isa = PBXVariantGroup;
			children = (
				C68031DD2A6E2AAE00FEF811 /* Base */,
			);
			name = LaunchScreen.storyboard;
			sourceTree = "<group>";
		};
/* End PBXVariantGroup section */

/* Begin XCBuildConfiguration section */
		C68031E02A6E2AAE00FEF811 /* Debug */ = {
			isa = XCBuildConfiguration;
			buildSettings = {
				ALWAYS_SEARCH_USER_PATHS = NO;
				CLANG_ANALYZER_NONNULL = YES;
				CLANG_ANALYZER_NUMBER_OBJECT_CONVERSION = YES_AGGRESSIVE;
				CLANG_CXX_LANGUAGE_STANDARD = "gnu++20";
				CLANG_ENABLE_MODULES = YES;
				CLANG_ENABLE_OBJC_ARC = YES;
				CLANG_ENABLE_OBJC_WEAK = YES;
				CLANG_WARN_BLOCK_CAPTURE_AUTORELEASING = YES;
				CLANG_WARN_BOOL_CONVERSION = YES;
				CLANG_WARN_COMMA = YES;
				CLANG_WARN_CONSTANT_CONVERSION = YES;
				CLANG_WARN_DEPRECATED_OBJC_IMPLEMENTATIONS = YES;
				CLANG_WARN_DIRECT_OBJC_ISA_USAGE = YES_ERROR;
				CLANG_WARN_DOCUMENTATION_COMMENTS = YES;
				CLANG_WARN_EMPTY_BODY = YES;
				CLANG_WARN_ENUM_CONVERSION = YES;
				CLANG_WARN_INFINITE_RECURSION = YES;
				CLANG_WARN_INT_CONVERSION = YES;
				CLANG_WARN_NON_LITERAL_NULL_CONVERSION = YES;
				CLANG_WARN_OBJC_IMPLICIT_RETAIN_SELF = YES;
				CLANG_WARN_OBJC_LITERAL_CONVERSION = YES;
				CLANG_WARN_OBJC_ROOT_CLASS = YES_ERROR;
				CLANG_WARN_QUOTED_INCLUDE_IN_FRAMEWORK_HEADER = YES;
				CLANG_WARN_RANGE_LOOP_ANALYSIS = YES;
				CLANG_WARN_STRICT_PROTOTYPES = YES;
				CLANG_WARN_SUSPICIOUS_MOVE = YES;
				CLANG_WARN_UNGUARDED_AVAILABILITY = YES_AGGRESSIVE;
				CLANG_WARN_UNREACHABLE_CODE = YES;
				CLANG_WARN__DUPLICATE_METHOD_MATCH = YES;
				COPY_PHASE_STRIP = NO;
				DEBUG_INFORMATION_FORMAT = dwarf;
				ENABLE_STRICT_OBJC_MSGSEND = YES;
				ENABLE_TESTABILITY = YES;
				GCC_C_LANGUAGE_STANDARD = gnu11;
				GCC_DYNAMIC_NO_PIC = NO;
				GCC_NO_COMMON_BLOCKS = YES;
				GCC_OPTIMIZATION_LEVEL = 0;
				GCC_PREPROCESSOR_DEFINITIONS = (
					"DEBUG=1",
					"$(inherited)",
				);
				GCC_WARN_64_TO_32_BIT_CONVERSION = YES;
				GCC_WARN_ABOUT_RETURN_TYPE = YES_ERROR;
				GCC_WARN_UNDECLARED_SELECTOR = YES;
				GCC_WARN_UNINITIALIZED_AUTOS = YES_AGGRESSIVE;
				GCC_WARN_UNUSED_FUNCTION = YES;
				GCC_WARN_UNUSED_VARIABLE = YES;
				IPHONEOS_DEPLOYMENT_TARGET = 16.4;
				MTL_ENABLE_DEBUG_INFO = INCLUDE_SOURCE;
				MTL_FAST_MATH = YES;
				ONLY_ACTIVE_ARCH = YES;
				SDKROOT = iphoneos;
				SWIFT_ACTIVE_COMPILATION_CONDITIONS = DEBUG;
				SWIFT_OPTIMIZATION_LEVEL = "-Onone";
			};
			name = Debug;
		};
		C68031E12A6E2AAE00FEF811 /* Release */ = {
			isa = XCBuildConfiguration;
			buildSettings = {
				ALWAYS_SEARCH_USER_PATHS = NO;
				CLANG_ANALYZER_NONNULL = YES;
				CLANG_ANALYZER_NUMBER_OBJECT_CONVERSION = YES_AGGRESSIVE;
				CLANG_CXX_LANGUAGE_STANDARD = "gnu++20";
				CLANG_ENABLE_MODULES = YES;
				CLANG_ENABLE_OBJC_ARC = YES;
				CLANG_ENABLE_OBJC_WEAK = YES;
				CLANG_WARN_BLOCK_CAPTURE_AUTORELEASING = YES;
				CLANG_WARN_BOOL_CONVERSION = YES;
				CLANG_WARN_COMMA = YES;
				CLANG_WARN_CONSTANT_CONVERSION = YES;
				CLANG_WARN_DEPRECATED_OBJC_IMPLEMENTATIONS = YES;
				CLANG_WARN_DIRECT_OBJC_ISA_USAGE = YES_ERROR;
				CLANG_WARN_DOCUMENTATION_COMMENTS = YES;
				CLANG_WARN_EMPTY_BODY = YES;
				CLANG_WARN_ENUM_CONVERSION = YES;
				CLANG_WARN_INFINITE_RECURSION = YES;
				CLANG_WARN_INT_CONVERSION = YES;
				CLANG_WARN_NON_LITERAL_NULL_CONVERSION = YES;
				CLANG_WARN_OBJC_IMPLICIT_RETAIN_SELF = YES;
				CLANG_WARN_OBJC_LITERAL_CONVERSION = YES;
				CLANG_WARN_OBJC_ROOT_CLASS = YES_ERROR;
				CLANG_WARN_QUOTED_INCLUDE_IN_FRAMEWORK_HEADER = YES;
				CLANG_WARN_RANGE_LOOP_ANALYSIS = YES;
				CLANG_WARN_STRICT_PROTOTYPES = YES;
				CLANG_WARN_SUSPICIOUS_MOVE = YES;
				CLANG_WARN_UNGUARDED_AVAILABILITY = YES_AGGRESSIVE;
				CLANG_WARN_UNREACHABLE_CODE = YES;
				CLANG_WARN__DUPLICATE_METHOD_MATCH = YES;
				COPY_PHASE_STRIP = NO;
				DEBUG_INFORMATION_FORMAT = "dwarf-with-dsym";
				ENABLE_NS_ASSERTIONS = NO;
				ENABLE_STRICT_OBJC_MSGSEND = YES;
				GCC_C_LANGUAGE_STANDARD = gnu11;
				GCC_NO_COMMON_BLOCKS = YES;
				GCC_WARN_64_TO_32_BIT_CONVERSION = YES;
				GCC_WARN_ABOUT_RETURN_TYPE = YES_ERROR;
				GCC_WARN_UNDECLARED_SELECTOR = YES;
				GCC_WARN_UNINITIALIZED_AUTOS = YES_AGGRESSIVE;
				GCC_WARN_UNUSED_FUNCTION = YES;
				GCC_WARN_UNUSED_VARIABLE = YES;
				IPHONEOS_DEPLOYMENT_TARGET = 16.4;
				MTL_ENABLE_DEBUG_INFO = NO;
				MTL_FAST_MATH = YES;
				SDKROOT = iphoneos;
				SWIFT_COMPILATION_MODE = wholemodule;
				SWIFT_OPTIMIZATION_LEVEL = "-O";
				VALIDATE_PRODUCT = YES;
			};
			name = Release;
		};
		C68031E32A6E2AAE00FEF811 /* Debug */ = {
			isa = XCBuildConfiguration;
			baseConfigurationReference = 71D3B0E741F6985F33EA61E5 /* Pods-My First Project.debug.xcconfig */;
			buildSettings = {
				ASSETCATALOG_COMPILER_APPICON_NAME = AppIcon;
				ASSETCATALOG_COMPILER_GLOBAL_ACCENT_COLOR_NAME = AccentColor;
				CODE_SIGN_STYLE = Automatic;
				CURRENT_PROJECT_VERSION = 1;
				DEVELOPMENT_TEAM = ZM36S9KP9U;
				GENERATE_INFOPLIST_FILE = YES;
				INFOPLIST_FILE = "My First Project/Info.plist";
				INFOPLIST_KEY_UIApplicationSupportsIndirectInputEvents = YES;
				INFOPLIST_KEY_UILaunchStoryboardName = LaunchScreen;
				INFOPLIST_KEY_UIMainStoryboardFile = Main;
				INFOPLIST_KEY_UISupportedInterfaceOrientations_iPad = "UIInterfaceOrientationPortrait UIInterfaceOrientationPortraitUpsideDown UIInterfaceOrientationLandscapeLeft UIInterfaceOrientationLandscapeRight";
				INFOPLIST_KEY_UISupportedInterfaceOrientations_iPhone = "UIInterfaceOrientationPortrait UIInterfaceOrientationLandscapeLeft UIInterfaceOrientationLandscapeRight";
				LD_RUNPATH_SEARCH_PATHS = (
					"$(inherited)",
					"@executable_path/Frameworks",
				);
				MARKETING_VERSION = 1.0;
				PRODUCT_BUNDLE_IDENTIFIER = "com.udacoding.My-First-Project";
				PRODUCT_NAME = "$(TARGET_NAME)";
				SWIFT_EMIT_LOC_STRINGS = YES;
				SWIFT_VERSION = 5.0;
				TARGETED_DEVICE_FAMILY = "1,2";
			};
			name = Debug;
		};
		C68031E42A6E2AAE00FEF811 /* Release */ = {
			isa = XCBuildConfiguration;
			baseConfigurationReference = BF614EEF1CFA0F47757B11EC /* Pods-My First Project.release.xcconfig */;
			buildSettings = {
				ASSETCATALOG_COMPILER_APPICON_NAME = AppIcon;
				ASSETCATALOG_COMPILER_GLOBAL_ACCENT_COLOR_NAME = AccentColor;
				CODE_SIGN_STYLE = Automatic;
				CURRENT_PROJECT_VERSION = 1;
				DEVELOPMENT_TEAM = ZM36S9KP9U;
				GENERATE_INFOPLIST_FILE = YES;
				INFOPLIST_FILE = "My First Project/Info.plist";
				INFOPLIST_KEY_UIApplicationSupportsIndirectInputEvents = YES;
				INFOPLIST_KEY_UILaunchStoryboardName = LaunchScreen;
				INFOPLIST_KEY_UIMainStoryboardFile = Main;
				INFOPLIST_KEY_UISupportedInterfaceOrientations_iPad = "UIInterfaceOrientationPortrait UIInterfaceOrientationPortraitUpsideDown UIInterfaceOrientationLandscapeLeft UIInterfaceOrientationLandscapeRight";
				INFOPLIST_KEY_UISupportedInterfaceOrientations_iPhone = "UIInterfaceOrientationPortrait UIInterfaceOrientationLandscapeLeft UIInterfaceOrientationLandscapeRight";
				LD_RUNPATH_SEARCH_PATHS = (
					"$(inherited)",
					"@executable_path/Frameworks",
				);
				MARKETING_VERSION = 1.0;
				PRODUCT_BUNDLE_IDENTIFIER = "com.udacoding.My-First-Project";
				PRODUCT_NAME = "$(TARGET_NAME)";
				SWIFT_EMIT_LOC_STRINGS = YES;
				SWIFT_VERSION = 5.0;
				TARGETED_DEVICE_FAMILY = "1,2";
			};
			name = Release;
		};
/* End XCBuildConfiguration section */

/* Begin XCConfigurationList section */
		C68031C92A6E2AAB00FEF811 /* Build configuration list for PBXProject "My First Project" */ = {
			isa = XCConfigurationList;
			buildConfigurations = (
				C68031E02A6E2AAE00FEF811 /* Debug */,
				C68031E12A6E2AAE00FEF811 /* Release */,
			);
			defaultConfigurationIsVisible = 0;
			defaultConfigurationName = Release;
		};
		C68031E22A6E2AAE00FEF811 /* Build configuration list for PBXNativeTarget "My First Project" */ = {
			isa = XCConfigurationList;
			buildConfigurations = (
				C68031E32A6E2AAE00FEF811 /* Debug */,
				C68031E42A6E2AAE00FEF811 /* Release */,
			);
			defaultConfigurationIsVisible = 0;
			defaultConfigurationName = Release;
		};
/* End XCConfigurationList section */
	};
	rootObject = C68031C62A6E2AAB00FEF811 /* Project object */;
}
